
Microsoft Visual Studio Solution File, Format Version 12.00
# Visual Studio Version 16
VisualStudioVersion = 16.0.30204.135
MinimumVisualStudioVersion = 10.0.40219.1
Project("{FAE04EC0-301F-11D3-BF4B-00C04F79EFBC}") = "BestBuyApplicationTest", "BestBuyApplicationTest10062021\BestBuyApplicationTest.csproj", "{F1DAE107-26DA-43C6-AAD5-AA1A7A0D9219}"
	ProjectSection(ProjectDependencies) = postProject
		{A1CC6878-1C48-48B9-A1FE-187D58382809} = {A1CC6878-1C48-48B9-A1FE-187D58382809}
		{229459AF-A752-4B55-BBB6-7C24973F0B99} = {229459AF-A752-4B55-BBB6-7C24973F0B99}
	EndProjectSection
EndProject
Project("{FAE04EC0-301F-11D3-BF4B-00C04F79EFBC}") = "CommonLibs", "CommonLibs\CommonLibs.csproj", "{A1CC6878-1C48-48B9-A1FE-187D58382809}"
EndProject
Project("{FAE04EC0-301F-11D3-BF4B-00C04F79EFBC}") = "BestBuyApplication", "BestBuyApplication\BestBuyApplication.csproj", "{229459AF-A752-4B55-BBB6-7C24973F0B99}"
EndProject
Global
	GlobalSection(SolutionConfigurationPlatforms) = preSolution
		Debug|Any CPU = Debug|Any CPU
		Release|Any CPU = Release|Any CPU
	EndGlobalSection
	GlobalSection(ProjectConfigurationPlatforms) = postSolution
		{F1DAE107-26DA-43C6-AAD5-AA1A7A0D9219}.Debug|Any CPU.ActiveCfg = Debug|Any CPU
		{F1DAE107-26DA-43C6-AAD5-AA1A7A0D9219}.Debug|Any CPU.Build.0 = Debug|Any CPU
		{F1DAE107-26DA-43C6-AAD5-AA1A7A0D9219}.Release|Any CPU.ActiveCfg = Release|Any CPU
		{F1DAE107-26DA-43C6-AAD5-AA1A7A0D9219}.Release|Any CPU.Build.0 = Release|Any CPU
		{A1CC6878-1C48-48B9-A1FE-187D58382809}.Debug|Any CPU.ActiveCfg = Debug|Any CPU
		{A1CC6878-1C48-48B9-A1FE-187D58382809}.Debug|Any CPU.Build.0 = Debug|Any CPU
		{A1CC6878-1C48-48B9-A1FE-187D58382809}.Release|Any CPU.ActiveCfg = Release|Any CPU
		{A1CC6878-1C48-48B9-A1FE-187D58382809}.Release|Any CPU.Build.0 = Release|Any CPU
		{229459AF-A752-4B55-BBB6-7C24973F0B99}.Debug|Any CPU.ActiveCfg = Debug|Any CPU
		{229459AF-A752-4B55-BBB6-7C24973F0B99}.Debug|Any CPU.Build.0 = Debug|Any CPU
		{229459AF-A752-4B55-BBB6-7C24973F0B99}.Release|Any CPU.ActiveCfg = Release|Any CPU
		{229459AF-A752-4B55-BBB6-7C24973F0B99}.Release|Any CPU.Build.0 = Release|Any CPU
	EndGlobalSection
	GlobalSection(SolutionProperties) = preSolution
		HideSolutionNode = FALSE
	EndGlobalSection
	GlobalSection(ExtensibilityGlobals) = postSolution
		SolutionGuid = {BED14981-ADDC-4450-ACA7-2F34484B92DD}
	EndGlobalSection
EndGlobal
